{
  "object": {
    "pins": [
      {
        "package": "CppZXingCpp",
        "repositoryURL": "https://github.com/sidepelican/zxing-cpp",
        "state": {
          "branch": "swiftpm",
          "revision": "a32802893835fac715c2d1120e0315f9f9bf7371",
          "version": null
        }
      }
    ]
  },
  "version": 1
}
