{
  "object": {
    "pins": [
      {
        "package": "CppZXingCpp",
        "repositoryURL": "https://github.com/t-ae/zxing-cpp",
        "state": {
          "branch": "swiftpm",
          "revision": "481bd81b4062277dd83db3f63ec28403a6c7278c",
          "version": null
        }
      }
    ]
  },
  "version": 1
}
